// !$*UTF8*$!
{
	archiveVersion = 1;
	classes = {
	};
	objectVersion = 55;
	objects = {

/* Begin PBXBuildFile section */
		434EDA03284D485000C19310 /* TaskManagerAppUIApp.swift in Sources */ = {isa = PBXBuildFile; fileRef = 434EDA02284D485000C19310 /* TaskManagerAppUIApp.swift */; };
		434EDA05284D485000C19310 /* ContentView.swift in Sources */ = {isa = PBXBuildFile; fileRef = 434EDA04284D485000C19310 /* ContentView.swift */; };
		434EDA07284D485200C19310 /* Assets.xcassets in Resources */ = {isa = PBXBuildFile; fileRef = 434EDA06284D485200C19310 /* Assets.xcassets */; };
		434EDA0A284D485200C19310 /* Preview Assets.xcassets in Resources */ = {isa = PBXBuildFile; fileRef = 434EDA09284D485200C19310 /* Preview Assets.xcassets */; };
		434EDA0C284D485200C19310 /* Persistence.swift in Sources */ = {isa = PBXBuildFile; fileRef = 434EDA0B284D485200C19310 /* Persistence.swift */; };
		434EDA17284D48B900C19310 /* TaskManagerAppUI.xcdatamodeld in Sources */ = {isa = PBXBuildFile; fileRef = 434EDA15284D48B900C19310 /* TaskManagerAppUI.xcdatamodeld */; };
		434EDA1C284D49BA00C19310 /* Home.swift in Sources */ = {isa = PBXBuildFile; fileRef = 434EDA1B284D49BA00C19310 /* Home.swift */; };
		434EDA1E284D4D2400C19310 /* TaskViewModel.swift in Sources */ = {isa = PBXBuildFile; fileRef = 434EDA1D284D4D2400C19310 /* TaskViewModel.swift */; };
		43B2288B284D8B730006CFD7 /* AddNewTask.swift in Sources */ = {isa = PBXBuildFile; fileRef = 43B2288A284D8B730006CFD7 /* AddNewTask.swift */; };
/* End PBXBuildFile section */

/* Begin PBXFileReference section */
		434ED9FF284D485000C19310 /* TaskManagerAppUI.app */ = {isa = PBXFileReference; explicitFileType = wrapper.application; includeInIndex = 0; path = TaskManagerAppUI.app; sourceTree = BUILT_PRODUCTS_DIR; };
		434EDA02284D485000C19310 /* TaskManagerAppUIApp.swift */ = {isa = PBXFileReference; lastKnownFileType = sourcecode.swift; path = TaskManagerAppUIApp.swift; sourceTree = "<group>"; };
		434EDA04284D485000C19310 /* ContentView.swift */ = {isa = PBXFileReference; lastKnownFileType = sourcecode.swift; path = ContentView.swift; sourceTree = "<group>"; };
		434EDA06284D485200C19310 /* Assets.xcassets */ = {isa = PBXFileReference; lastKnownFileType = folder.assetcatalog; path = Assets.xcassets; sourceTree = "<group>"; };
		434EDA09284D485200C19310 /* Preview Assets.xcassets */ = {isa = PBXFileReference; lastKnownFileType = folder.assetcatalog; path = "Preview Assets.xcassets"; sourceTree = "<group>"; };
		434EDA0B284D485200C19310 /* Persistence.swift */ = {isa = PBXFileReference; lastKnownFileType = sourcecode.swift; path = Persistence.swift; sourceTree = "<group>"; };
		434EDA16284D48B900C19310 /* TaskManagerAppUI.xcdatamodel */ = {isa = PBXFileReference; lastKnownFileType = wrapper.xcdatamodel; path = TaskManagerAppUI.xcdatamodel; sourceTree = "<group>"; };
		434EDA1B284D49BA00C19310 /* Home.swift */ = {isa = PBXFileReference; lastKnownFileType = sourcecode.swift; path = Home.swift; sourceTree = "<group>"; };
		434EDA1D284D4D2400C19310 /* TaskViewModel.swift */ = {isa = PBXFileReference; lastKnownFileType = sourcecode.swift; path = TaskViewModel.swift; sourceTree = "<group>"; };
		43B2288A284D8B730006CFD7 /* AddNewTask.swift */ = {isa = PBXFileReference; lastKnownFileType = sourcecode.swift; path = AddNewTask.swift; sourceTree = "<group>"; };
/* End PBXFileReference section */

/* Begin PBXFrameworksBuildPhase section */
		434ED9FC284D485000C19310 /* Frameworks */ = {
			isa = PBXFrameworksBuildPhase;
			buildActionMask = 2147483647;
			files = (
			);
			runOnlyForDeploymentPostprocessing = 0;
		};
/* End PBXFrameworksBuildPhase section */

/* Begin PBXGroup section */
		434ED9F6284D485000C19310 = {
			isa = PBXGroup;
			children = (
				434EDA01284D485000C19310 /* TaskManagerAppUI */,
				434EDA00284D485000C19310 /* Products */,
			);
			sourceTree = "<group>";
		};
		434EDA00284D485000C19310 /* Products */ = {
			isa = PBXGroup;
			children = (
				434ED9FF284D485000C19310 /* TaskManagerAppUI.app */,
			);
			name = Products;
			sourceTree = "<group>";
		};
		434EDA01284D485000C19310 /* TaskManagerAppUI */ = {
			isa = PBXGroup;
			children = (
				434EDA19284D498400C19310 /* ViewModel */,
				434EDA1A284D498900C19310 /* Model */,
				434EDA18284D497E00C19310 /* View */,
				434EDA02284D485000C19310 /* TaskManagerAppUIApp.swift */,
				434EDA04284D485000C19310 /* ContentView.swift */,
				434EDA06284D485200C19310 /* Assets.xcassets */,
				434EDA0B284D485200C19310 /* Persistence.swift */,
				434EDA15284D48B900C19310 /* TaskManagerAppUI.xcdatamodeld */,
				434EDA08284D485200C19310 /* Preview Content */,
			);
			path = TaskManagerAppUI;
			sourceTree = "<group>";
		};
		434EDA08284D485200C19310 /* Preview Content */ = {
			isa = PBXGroup;
			children = (
				434EDA09284D485200C19310 /* Preview Assets.xcassets */,
			);
			path = "Preview Content";
			sourceTree = "<group>";
		};
		434EDA18284D497E00C19310 /* View */ = {
			isa = PBXGroup;
			children = (
				434EDA1B284D49BA00C19310 /* Home.swift */,
				43B2288A284D8B730006CFD7 /* AddNewTask.swift */,
			);
			path = View;
			sourceTree = "<group>";
		};
		434EDA19284D498400C19310 /* ViewModel */ = {
			isa = PBXGroup;
			children = (
				434EDA1D284D4D2400C19310 /* TaskViewModel.swift */,
			);
			path = ViewModel;
			sourceTree = "<group>";
		};
		434EDA1A284D498900C19310 /* Model */ = {
			isa = PBXGroup;
			children = (
			);
			path = Model;
			sourceTree = "<group>";
		};
/* End PBXGroup section */

/* Begin PBXNativeTarget section */
		434ED9FE284D485000C19310 /* TaskManagerAppUI */ = {
			isa = PBXNativeTarget;
			buildConfigurationList = 434EDA12284D485200C19310 /* Build configuration list for PBXNativeTarget "TaskManagerAppUI" */;
			buildPhases = (
				434ED9FB284D485000C19310 /* Sources */,
				434ED9FC284D485000C19310 /* Frameworks */,
				434ED9FD284D485000C19310 /* Resources */,
			);
			buildRules = (
			);
			dependencies = (
			);
			name = TaskManagerAppUI;
			productName = TaskManagerAppUI;
			productReference = 434ED9FF284D485000C19310 /* TaskManagerAppUI.app */;
			productType = "com.apple.product-type.application";
		};
/* End PBXNativeTarget section */

/* Begin PBXProject section */
		434ED9F7284D485000C19310 /* Project object */ = {
			isa = PBXProject;
			attributes = {
				BuildIndependentTargetsInParallel = 1;
				LastSwiftUpdateCheck = 1310;
				LastUpgradeCheck = 1310;
				TargetAttributes = {
					434ED9FE284D485000C19310 = {
						CreatedOnToolsVersion = 13.1;
					};
				};
			};
			buildConfigurationList = 434ED9FA284D485000C19310 /* Build configuration list for PBXProject "TaskManagerAppUI" */;
			compatibilityVersion = "Xcode 13.0";
			developmentRegion = en;
			hasScannedForEncodings = 0;
			knownRegions = (
				en,
				Base,
			);
			mainGroup = 434ED9F6284D485000C19310;
			productRefGroup = 434EDA00284D485000C19310 /* Products */;
			projectDirPath = "";
			projectRoot = "";
			targets = (
				434ED9FE284D485000C19310 /* TaskManagerAppUI */,
			);
		};
/* End PBXProject section */

/* Begin PBXResourcesBuildPhase section */
		434ED9FD284D485000C19310 /* Resources */ = {
			isa = PBXResourcesBuildPhase;
			buildActionMask = 2147483647;
			files = (
				434EDA0A284D485200C19310 /* Preview Assets.xcassets in Resources */,
				434EDA07284D485200C19310 /* Assets.xcassets in Resources */,
			);
			runOnlyForDeploymentPostprocessing = 0;
		};
/* End PBXResourcesBuildPhase section */

/* Begin PBXSourcesBuildPhase section */
		434ED9FB284D485000C19310 /* Sources */ = {
			isa = PBXSourcesBuildPhase;
			buildActionMask = 2147483647;
			files = (
				434EDA0C284D485200C19310 /* Persistence.swift in Sources */,
				434EDA1E284D4D2400C19310 /* TaskViewModel.swift in Sources */,
				434EDA05284D485000C19310 /* ContentView.swift in Sources */,
				434EDA1C284D49BA00C19310 /* Home.swift in Sources */,
				43B2288B284D8B730006CFD7 /* AddNewTask.swift in Sources */,
				434EDA17284D48B900C19310 /* TaskManagerAppUI.xcdatamodeld in Sources */,
				434EDA03284D485000C19310 /* TaskManagerAppUIApp.swift in Sources */,
			);
			runOnlyForDeploymentPostprocessing = 0;
		};
/* End PBXSourcesBuildPhase section */

/* Begin XCBuildConfiguration section */
		434EDA10284D485200C19310 /* Debug */ = {
			isa = XCBuildConfiguration;
			buildSettings = {
				ALWAYS_SEARCH_USER_PATHS = NO;
				CLANG_ANALYZER_NONNULL = YES;
				CLANG_ANALYZER_NUMBER_OBJECT_CONVERSION = YES_AGGRESSIVE;
				CLANG_CXX_LANGUAGE_STANDARD = "gnu++17";
				CLANG_CXX_LIBRARY = "libc++";
				CLANG_ENABLE_MODULES = YES;
				CLANG_ENABLE_OBJC_ARC = YES;
				CLANG_ENABLE_OBJC_WEAK = YES;
				CLANG_WARN_BLOCK_CAPTURE_AUTORELEASING = YES;
				CLANG_WARN_BOOL_CONVERSION = YES;
				CLANG_WARN_COMMA = YES;
				CLANG_WARN_CONSTANT_CONVERSION = YES;
				CLANG_WARN_DEPRECATED_OBJC_IMPLEMENTATIONS = YES;
				CLANG_WARN_DIRECT_OBJC_ISA_USAGE = YES_ERROR;
				CLANG_WARN_DOCUMENTATION_COMMENTS = YES;
				CLANG_WARN_EMPTY_BODY = YES;
				CLANG_WARN_ENUM_CONVERSION = YES;
				CLANG_WARN_INFINITE_RECURSION = YES;
				CLANG_WARN_INT_CONVERSION = YES;
				CLANG_WARN_NON_LITERAL_NULL_CONVERSION = YES;
				CLANG_WARN_OBJC_IMPLICIT_RETAIN_SELF = YES;
				CLANG_WARN_OBJC_LITERAL_CONVERSION = YES;
				CLANG_WARN_OBJC_ROOT_CLASS = YES_ERROR;
				CLANG_WARN_QUOTED_INCLUDE_IN_FRAMEWORK_HEADER = YES;
				CLANG_WARN_RANGE_LOOP_ANALYSIS = YES;
				CLANG_WARN_STRICT_PROTOTYPES = YES;
				CLANG_WARN_SUSPICIOUS_MOVE = YES;
				CLANG_WARN_UNGUARDED_AVAILABILITY = YES_AGGRESSIVE;
				CLANG_WARN_UNREACHABLE_CODE = YES;
				CLANG_WARN__DUPLICATE_METHOD_MATCH = YES;
				COPY_PHASE_STRIP = NO;
				DEBUG_INFORMATION_FORMAT = dwarf;
				ENABLE_STRICT_OBJC_MSGSEND = YES;
				ENABLE_TESTABILITY = YES;
				GCC_C_LANGUAGE_STANDARD = gnu11;
				GCC_DYNAMIC_NO_PIC = NO;
				GCC_NO_COMMON_BLOCKS = YES;
				GCC_OPTIMIZATION_LEVEL = 0;
				GCC_PREPROCESSOR_DEFINITIONS = (
					"DEBUG=1",
					"$(inherited)",
				);
				GCC_WARN_64_TO_32_BIT_CONVERSION = YES;
				GCC_WARN_ABOUT_RETURN_TYPE = YES_ERROR;
				GCC_WARN_UNDECLARED_SELECTOR = YES;
				GCC_WARN_UNINITIALIZED_AUTOS = YES_AGGRESSIVE;
				GCC_WARN_UNUSED_FUNCTION = YES;
				GCC_WARN_UNUSED_VARIABLE = YES;
				IPHONEOS_DEPLOYMENT_TARGET = 15.0;
				MTL_ENABLE_DEBUG_INFO = INCLUDE_SOURCE;
				MTL_FAST_MATH = YES;
				ONLY_ACTIVE_ARCH = YES;
				SDKROOT = iphoneos;
				SWIFT_ACTIVE_COMPILATION_CONDITIONS = DEBUG;
				SWIFT_OPTIMIZATION_LEVEL = "-Onone";
			};
			name = Debug;
		};
		434EDA11284D485200C19310 /* Release */ = {
			isa = XCBuildConfiguration;
			buildSettings = {
				ALWAYS_SEARCH_USER_PATHS = NO;
				CLANG_ANALYZER_NONNULL = YES;
				CLANG_ANALYZER_NUMBER_OBJECT_CONVERSION = YES_AGGRESSIVE;
				CLANG_CXX_LANGUAGE_STANDARD = "gnu++17";
				CLANG_CXX_LIBRARY = "libc++";
				CLANG_ENABLE_MODULES = YES;
				CLANG_ENABLE_OBJC_ARC = YES;
				CLANG_ENABLE_OBJC_WEAK = YES;
				CLANG_WARN_BLOCK_CAPTURE_AUTORELEASING = YES;
				CLANG_WARN_BOOL_CONVERSION = YES;
				CLANG_WARN_COMMA = YES;
				CLANG_WARN_CONSTANT_CONVERSION = YES;
				CLANG_WARN_DEPRECATED_OBJC_IMPLEMENTATIONS = YES;
				CLANG_WARN_DIRECT_OBJC_ISA_USAGE = YES_ERROR;
				CLANG_WARN_DOCUMENTATION_COMMENTS = YES;
				CLANG_WARN_EMPTY_BODY = YES;
				CLANG_WARN_ENUM_CONVERSION = YES;
				CLANG_WARN_INFINITE_RECURSION = YES;
				CLANG_WARN_INT_CONVERSION = YES;
				CLANG_WARN_NON_LITERAL_NULL_CONVERSION = YES;
				CLANG_WARN_OBJC_IMPLICIT_RETAIN_SELF = YES;
				CLANG_WARN_OBJC_LITERAL_CONVERSION = YES;
				CLANG_WARN_OBJC_ROOT_CLASS = YES_ERROR;
				CLANG_WARN_QUOTED_INCLUDE_IN_FRAMEWORK_HEADER = YES;
				CLANG_WARN_RANGE_LOOP_ANALYSIS = YES;
				CLANG_WARN_STRICT_PROTOTYPES = YES;
				CLANG_WARN_SUSPICIOUS_MOVE = YES;
				CLANG_WARN_UNGUARDED_AVAILABILITY = YES_AGGRESSIVE;
				CLANG_WARN_UNREACHABLE_CODE = YES;
				CLANG_WARN__DUPLICATE_METHOD_MATCH = YES;
				COPY_PHASE_STRIP = NO;
				DEBUG_INFORMATION_FORMAT = "dwarf-with-dsym";
				ENABLE_NS_ASSERTIONS = NO;
				ENABLE_STRICT_OBJC_MSGSEND = YES;
				GCC_C_LANGUAGE_STANDARD = gnu11;
				GCC_NO_COMMON_BLOCKS = YES;
				GCC_WARN_64_TO_32_BIT_CONVERSION = YES;
				GCC_WARN_ABOUT_RETURN_TYPE = YES_ERROR;
				GCC_WARN_UNDECLARED_SELECTOR = YES;
				GCC_WARN_UNINITIALIZED_AUTOS = YES_AGGRESSIVE;
				GCC_WARN_UNUSED_FUNCTION = YES;
				GCC_WARN_UNUSED_VARIABLE = YES;
				IPHONEOS_DEPLOYMENT_TARGET = 15.0;
				MTL_ENABLE_DEBUG_INFO = NO;
				MTL_FAST_MATH = YES;
				SDKROOT = iphoneos;
				SWIFT_COMPILATION_MODE = wholemodule;
				SWIFT_OPTIMIZATION_LEVEL = "-O";
				VALIDATE_PRODUCT = YES;
			};
			name = Release;
		};
		434EDA13284D485200C19310 /* Debug */ = {
			isa = XCBuildConfiguration;
			buildSettings = {
				ASSETCATALOG_COMPILER_APPICON_NAME = AppIcon;
				ASSETCATALOG_COMPILER_GLOBAL_ACCENT_COLOR_NAME = AccentColor;
				CODE_SIGN_STYLE = Automatic;
				CURRENT_PROJECT_VERSION = 1;
				DEVELOPMENT_ASSET_PATHS = "\"TaskManagerAppUI/Preview Content\"";
				DEVELOPMENT_TEAM = TMA4DAFX85;
				ENABLE_PREVIEWS = YES;
				GENERATE_INFOPLIST_FILE = YES;
				INFOPLIST_KEY_UIApplicationSceneManifest_Generation = YES;
				INFOPLIST_KEY_UIApplicationSupportsIndirectInputEvents = YES;
				INFOPLIST_KEY_UILaunchScreen_Generation = YES;
				INFOPLIST_KEY_UISupportedInterfaceOrientations_iPad = "UIInterfaceOrientationPortrait UIInterfaceOrientationPortraitUpsideDown UIInterfaceOrientationLandscapeLeft UIInterfaceOrientationLandscapeRight";
				INFOPLIST_KEY_UISupportedInterfaceOrientations_iPhone = "UIInterfaceOrientationPortrait UIInterfaceOrientationLandscapeLeft UIInterfaceOrientationLandscapeRight";
				LD_RUNPATH_SEARCH_PATHS = (
					"$(inherited)",
					"@executable_path/Frameworks",
				);
				MARKETING_VERSION = 1.0;
				PRODUCT_BUNDLE_IDENTIFIER = "ic-developer.web.app.TaskManagerAppUI";
				PRODUCT_NAME = "$(TARGET_NAME)";
				SWIFT_EMIT_LOC_STRINGS = YES;
				SWIFT_VERSION = 5.0;
				TARGETED_DEVICE_FAMILY = "1,2";
			};
			name = Debug;
		};
		434EDA14284D485200C19310 /* Release */ = {
			isa = XCBuildConfiguration;
			buildSettings = {
				ASSETCATALOG_COMPILER_APPICON_NAME = AppIcon;
				ASSETCATALOG_COMPILER_GLOBAL_ACCENT_COLOR_NAME = AccentColor;
				CODE_SIGN_STYLE = Automatic;
				CURRENT_PROJECT_VERSION = 1;
				DEVELOPMENT_ASSET_PATHS = "\"TaskManagerAppUI/Preview Content\"";
				DEVELOPMENT_TEAM = TMA4DAFX85;
				ENABLE_PREVIEWS = YES;
				GENERATE_INFOPLIST_FILE = YES;
				INFOPLIST_KEY_UIApplicationSceneManifest_Generation = YES;
				INFOPLIST_KEY_UIApplicationSupportsIndirectInputEvents = YES;
				INFOPLIST_KEY_UILaunchScreen_Generation = YES;
				INFOPLIST_KEY_UISupportedInterfaceOrientations_iPad = "UIInterfaceOrientationPortrait UIInterfaceOrientationPortraitUpsideDown UIInterfaceOrientationLandscapeLeft UIInterfaceOrientationLandscapeRight";
				INFOPLIST_KEY_UISupportedInterfaceOrientations_iPhone = "UIInterfaceOrientationPortrait UIInterfaceOrientationLandscapeLeft UIInterfaceOrientationLandscapeRight";
				LD_RUNPATH_SEARCH_PATHS = (
					"$(inherited)",
					"@executable_path/Frameworks",
				);
				MARKETING_VERSION = 1.0;
				PRODUCT_BUNDLE_IDENTIFIER = "ic-developer.web.app.TaskManagerAppUI";
				PRODUCT_NAME = "$(TARGET_NAME)";
				SWIFT_EMIT_LOC_STRINGS = YES;
				SWIFT_VERSION = 5.0;
				TARGETED_DEVICE_FAMILY = "1,2";
			};
			name = Release;
		};
/* End XCBuildConfiguration section */

/* Begin XCConfigurationList section */
		434ED9FA284D485000C19310 /* Build configuration list for PBXProject "TaskManagerAppUI" */ = {
			isa = XCConfigurationList;
			buildConfigurations = (
				434EDA10284D485200C19310 /* Debug */,
				434EDA11284D485200C19310 /* Release */,
			);
			defaultConfigurationIsVisible = 0;
			defaultConfigurationName = Release;
		};
		434EDA12284D485200C19310 /* Build configuration list for PBXNativeTarget "TaskManagerAppUI" */ = {
			isa = XCConfigurationList;
			buildConfigurations = (
				434EDA13284D485200C19310 /* Debug */,
				434EDA14284D485200C19310 /* Release */,
			);
			defaultConfigurationIsVisible = 0;
			defaultConfigurationName = Release;
		};
/* End XCConfigurationList section */

/* Begin XCVersionGroup section */
		434EDA15284D48B900C19310 /* TaskManagerAppUI.xcdatamodeld */ = {
			isa = XCVersionGroup;
			children = (
				434EDA16284D48B900C19310 /* TaskManagerAppUI.xcdatamodel */,
			);
			currentVersion = 434EDA16284D48B900C19310 /* TaskManagerAppUI.xcdatamodel */;
			path = TaskManagerAppUI.xcdatamodeld;
			sourceTree = "<group>";
			versionGroupType = wrapper.xcdatamodel;
		};
/* End XCVersionGroup section */
	};
	rootObject = 434ED9F7284D485000C19310 /* Project object */;
}
